{
  "nodes": {
    "biome-pin": {
      "locked": {
        "lastModified": 1757068644,
        "narHash": "sha256-NOrUtIhTkIIumj1E/Rsv1J37Yi3xGStISEo8tZm3KW4=",
        "owner": "nixos",
        "repo": "nixpkgs",
        "rev": "8eb28adfa3dc4de28e792e3bf49fcf9007ca8ac9",
        "type": "github"
      },
      "original": {
        "owner": "nixos",
        "ref": "nixos-unstable",
        "repo": "nixpkgs",
        "type": "github"
      }
    },
    "nixpkgs": {
      "locked": {
        "lastModified": 1754214453,
        "narHash": "sha256-Q/I2xJn/j1wpkGhWkQnm20nShYnG7TI99foDBpXm1SY=",
        "owner": "nixos",
        "repo": "nixpkgs",
        "rev": "5b09dc45f24cf32316283e62aec81ffee3c3e376",
        "type": "github"
      },
      "original": {
        "owner": "nixos",
        "ref": "nixos-unstable",
        "repo": "nixpkgs",
        "type": "github"
      }
    },
    "root": {
      "inputs": {
        "biome-pin": "biome-pin",
        "nixpkgs": "nixpkgs"
      }
    }
  },
  "root": "root",
  "version": 7
}
