{
  "nodes": {
    "biome-pin": {
      "locked": {
        "lastModified": 1763966396,
        "narHash": "sha256-6eeL1YPcY1MV3DDStIDIdy/zZCDKgHdkCmsrLJFiZf0=",
        "owner": "nixos",
        "repo": "nixpkgs",
        "rev": "5ae3b07d8d6527c42f17c876e404993199144b6a",
        "type": "github"
      },
      "original": {
        "owner": "nixos",
        "ref": "nixos-unstable",
        "repo": "nixpkgs",
        "type": "github"
      }
    },
    "nixpkgs": {
      "locked": {
        "lastModified": 1775790696,
        "narHash": "sha256-UoArj91OS6CrBmnNGQBxBfAM+Oft81WuiULjT8ki/3I=",
        "owner": "nixos",
        "repo": "nixpkgs",
        "rev": "11ccf4f6acc1552a1faa77466bc8e75756a8f625",
        "type": "github"
      },
      "original": {
        "owner": "nixos",
        "ref": "master",
        "repo": "nixpkgs",
        "type": "github"
      }
    },
    "root": {
      "inputs": {
        "biome-pin": "biome-pin",
        "nixpkgs": "nixpkgs"
      }
    }
  },
  "root": "root",
  "version": 7
}
